
Microsoft Visual Studio Solution File, Format Version 12.00
# Visual Studio 14
VisualStudioVersion = 14.0.25123.0
MinimumVisualStudioVersion = 10.0.40219.1
Project("{FAE04EC0-301F-11D3-BF4B-00C04F79EFBC}") = "AoETechTreeInstaller", "AoETechTreeInstaller.csproj", "{A751CF01-EB90-41C0-B649-46F2FF32ADCE}"
EndProject
Global
	GlobalSection(SolutionConfigurationPlatforms) = preSolution
		Debug|Any CPU = Debug|Any CPU
		Release|Any CPU = Release|Any CPU
	EndGlobalSection
	GlobalSection(ProjectConfigurationPlatforms) = postSolution
		{A751CF01-EB90-41C0-B649-46F2FF32ADCE}.Debug|Any CPU.ActiveCfg = Debug|Any CPU
		{A751CF01-EB90-41C0-B649-46F2FF32ADCE}.Debug|Any CPU.Build.0 = Debug|Any CPU
		{A751CF01-EB90-41C0-B649-46F2FF32ADCE}.Release|Any CPU.ActiveCfg = Release|Any CPU
		{A751CF01-EB90-41C0-B649-46F2FF32ADCE}.Release|Any CPU.Build.0 = Release|Any CPU
	EndGlobalSection
	GlobalSection(SolutionProperties) = preSolution
		HideSolutionNode = FALSE
	EndGlobalSection
EndGlobal
